// !$*UTF8*$!
{
	archiveVersion = 1;
	classes = {
	};
	objectVersion = 55;
	objects = {

/* Begin PBXBuildFile section */
		3512FAEA2898EBC200957B60 /* AppDelegate.swift in Sources */ = {isa = PBXBuildFile; fileRef = 3512FAE92898EBC200957B60 /* AppDelegate.swift */; };
		3512FAEC2898EBC200957B60 /* SceneDelegate.swift in Sources */ = {isa = PBXBuildFile; fileRef = 3512FAEB2898EBC200957B60 /* SceneDelegate.swift */; };
		3512FAEE2898EBC200957B60 /* ViewController.swift in Sources */ = {isa = PBXBuildFile; fileRef = 3512FAED2898EBC200957B60 /* ViewController.swift */; };
		3512FAF12898EBC200957B60 /* Main.storyboard in Resources */ = {isa = PBXBuildFile; fileRef = 3512FAEF2898EBC200957B60 /* Main.storyboard */; };
		3512FAF32898EBC400957B60 /* Assets.xcassets in Resources */ = {isa = PBXBuildFile; fileRef = 3512FAF22898EBC400957B60 /* Assets.xcassets */; };
		3512FAF62898EBC400957B60 /* LaunchScreen.storyboard in Resources */ = {isa = PBXBuildFile; fileRef = 3512FAF42898EBC400957B60 /* LaunchScreen.storyboard */; };
		3512FAFE2898F21C00957B60 /* SecondViewController.swift in Sources */ = {isa = PBXBuildFile; fileRef = 3512FAFD2898F21B00957B60 /* SecondViewController.swift */; };
		352E71E328A4D8920073F2C6 /* SelectedYear.swift in Sources */ = {isa = PBXBuildFile; fileRef = 352E71E228A4D8920073F2C6 /* SelectedYear.swift */; };
		352E71EB28A515CB0073F2C6 /* f1racesTests.swift in Sources */ = {isa = PBXBuildFile; fileRef = 352E71EA28A515CB0073F2C6 /* f1racesTests.swift */; };
		35CA8A07289AFDFF00D30635 /* ThirdViewController.swift in Sources */ = {isa = PBXBuildFile; fileRef = 35CA8A06289AFDFE00D30635 /* ThirdViewController.swift */; };
		35CAC82228A0F0580031DB28 /* Constants.swift in Sources */ = {isa = PBXBuildFile; fileRef = 35CAC82128A0F0580031DB28 /* Constants.swift */; };
		35CAC82B28A18C8E0031DB28 /* RacesDataCell.swift in Sources */ = {isa = PBXBuildFile; fileRef = 35CAC82928A18C8E0031DB28 /* RacesDataCell.swift */; };
		35CAC82C28A18C8E0031DB28 /* RacesDataCell.xib in Resources */ = {isa = PBXBuildFile; fileRef = 35CAC82A28A18C8E0031DB28 /* RacesDataCell.xib */; };
		35E14FC828A28063003DF10C /* F1ConstructorsData.swift in Sources */ = {isa = PBXBuildFile; fileRef = 35E14FC728A28063003DF10C /* F1ConstructorsData.swift */; };
		35E14FCB28A29478003DF10C /* ConstructorsDataCell.swift in Sources */ = {isa = PBXBuildFile; fileRef = 35E14FC928A29477003DF10C /* ConstructorsDataCell.swift */; };
		35E14FCC28A29478003DF10C /* ConstructorsDataCell.xib in Resources */ = {isa = PBXBuildFile; fileRef = 35E14FCA28A29477003DF10C /* ConstructorsDataCell.xib */; };
		35E14FCE28A2A366003DF10C /* FifthViewController.swift in Sources */ = {isa = PBXBuildFile; fileRef = 35E14FCD28A2A366003DF10C /* FifthViewController.swift */; };
		35E14FD228A2A5E4003DF10C /* F1RacesViewModel.swift in Sources */ = {isa = PBXBuildFile; fileRef = 35E14FD128A2A5E4003DF10C /* F1RacesViewModel.swift */; };
		35E14FD428A2A66B003DF10C /* NetworkingManager.swift in Sources */ = {isa = PBXBuildFile; fileRef = 35E14FD328A2A66B003DF10C /* NetworkingManager.swift */; };
		35F7E398289C2DB200516FD1 /* APIManager.swift in Sources */ = {isa = PBXBuildFile; fileRef = 35F7E397289C2DB200516FD1 /* APIManager.swift */; };
		35F7E39B289C2DC200516FD1 /* Alamofire in Frameworks */ = {isa = PBXBuildFile; productRef = 35F7E39A289C2DC200516FD1 /* Alamofire */; };
		35F7E39F289C332D00516FD1 /* F1RacesData.swift in Sources */ = {isa = PBXBuildFile; fileRef = 35F7E39E289C332D00516FD1 /* F1RacesData.swift */; };
		35FE1BF9289D07F9000452F1 /* FourthViewController.swift in Sources */ = {isa = PBXBuildFile; fileRef = 35FE1BF8289D07F9000452F1 /* FourthViewController.swift */; };
/* End PBXBuildFile section */

/* Begin PBXContainerItemProxy section */
		352E71EC28A515CB0073F2C6 /* PBXContainerItemProxy */ = {
			isa = PBXContainerItemProxy;
			containerPortal = 3512FADE2898EBC200957B60 /* Project object */;
			proxyType = 1;
			remoteGlobalIDString = 3512FAE52898EBC200957B60;
			remoteInfo = f1races;
		};
/* End PBXContainerItemProxy section */

/* Begin PBXFileReference section */
		3512FAE62898EBC200957B60 /* f1races.app */ = {isa = PBXFileReference; explicitFileType = wrapper.application; includeInIndex = 0; path = f1races.app; sourceTree = BUILT_PRODUCTS_DIR; };
		3512FAE92898EBC200957B60 /* AppDelegate.swift */ = {isa = PBXFileReference; lastKnownFileType = sourcecode.swift; path = AppDelegate.swift; sourceTree = "<group>"; };
		3512FAEB2898EBC200957B60 /* SceneDelegate.swift */ = {isa = PBXFileReference; lastKnownFileType = sourcecode.swift; path = SceneDelegate.swift; sourceTree = "<group>"; };
		3512FAED2898EBC200957B60 /* ViewController.swift */ = {isa = PBXFileReference; lastKnownFileType = sourcecode.swift; path = ViewController.swift; sourceTree = "<group>"; };
		3512FAF02898EBC200957B60 /* Base */ = {isa = PBXFileReference; lastKnownFileType = file.storyboard; name = Base; path = Base.lproj/Main.storyboard; sourceTree = "<group>"; };
		3512FAF22898EBC400957B60 /* Assets.xcassets */ = {isa = PBXFileReference; lastKnownFileType = folder.assetcatalog; path = Assets.xcassets; sourceTree = "<group>"; };
		3512FAF52898EBC400957B60 /* Base */ = {isa = PBXFileReference; lastKnownFileType = file.storyboard; name = Base; path = Base.lproj/LaunchScreen.storyboard; sourceTree = "<group>"; };
		3512FAF72898EBC400957B60 /* Info.plist */ = {isa = PBXFileReference; lastKnownFileType = text.plist.xml; path = Info.plist; sourceTree = "<group>"; };
		3512FAFD2898F21B00957B60 /* SecondViewController.swift */ = {isa = PBXFileReference; lastKnownFileType = sourcecode.swift; path = SecondViewController.swift; sourceTree = "<group>"; };
		352E71E228A4D8920073F2C6 /* SelectedYear.swift */ = {isa = PBXFileReference; lastKnownFileType = sourcecode.swift; path = SelectedYear.swift; sourceTree = "<group>"; };
		352E71E828A515CA0073F2C6 /* f1racesTests.xctest */ = {isa = PBXFileReference; explicitFileType = wrapper.cfbundle; includeInIndex = 0; path = f1racesTests.xctest; sourceTree = BUILT_PRODUCTS_DIR; };
		352E71EA28A515CB0073F2C6 /* f1racesTests.swift */ = {isa = PBXFileReference; lastKnownFileType = sourcecode.swift; path = f1racesTests.swift; sourceTree = "<group>"; };
		35CA8A06289AFDFE00D30635 /* ThirdViewController.swift */ = {isa = PBXFileReference; lastKnownFileType = sourcecode.swift; path = ThirdViewController.swift; sourceTree = "<group>"; };
		35CAC82128A0F0580031DB28 /* Constants.swift */ = {isa = PBXFileReference; lastKnownFileType = sourcecode.swift; path = Constants.swift; sourceTree = "<group>"; };
		35CAC82928A18C8E0031DB28 /* RacesDataCell.swift */ = {isa = PBXFileReference; lastKnownFileType = sourcecode.swift; path = RacesDataCell.swift; sourceTree = "<group>"; };
		35CAC82A28A18C8E0031DB28 /* RacesDataCell.xib */ = {isa = PBXFileReference; lastKnownFileType = file.xib; path = RacesDataCell.xib; sourceTree = "<group>"; };
		35E14FC728A28063003DF10C /* F1ConstructorsData.swift */ = {isa = PBXFileReference; lastKnownFileType = sourcecode.swift; path = F1ConstructorsData.swift; sourceTree = "<group>"; };
		35E14FC928A29477003DF10C /* ConstructorsDataCell.swift */ = {isa = PBXFileReference; lastKnownFileType = sourcecode.swift; path = ConstructorsDataCell.swift; sourceTree = "<group>"; };
		35E14FCA28A29477003DF10C /* ConstructorsDataCell.xib */ = {isa = PBXFileReference; lastKnownFileType = file.xib; path = ConstructorsDataCell.xib; sourceTree = "<group>"; };
		35E14FCD28A2A366003DF10C /* FifthViewController.swift */ = {isa = PBXFileReference; lastKnownFileType = sourcecode.swift; path = FifthViewController.swift; sourceTree = "<group>"; };
		35E14FD128A2A5E4003DF10C /* F1RacesViewModel.swift */ = {isa = PBXFileReference; lastKnownFileType = sourcecode.swift; path = F1RacesViewModel.swift; sourceTree = "<group>"; };
		35E14FD328A2A66B003DF10C /* NetworkingManager.swift */ = {isa = PBXFileReference; lastKnownFileType = sourcecode.swift; path = NetworkingManager.swift; sourceTree = "<group>"; };
		35F7E397289C2DB200516FD1 /* APIManager.swift */ = {isa = PBXFileReference; lastKnownFileType = sourcecode.swift; path = APIManager.swift; sourceTree = "<group>"; };
		35F7E39E289C332D00516FD1 /* F1RacesData.swift */ = {isa = PBXFileReference; lastKnownFileType = sourcecode.swift; path = F1RacesData.swift; sourceTree = "<group>"; };
		35FE1BF8289D07F9000452F1 /* FourthViewController.swift */ = {isa = PBXFileReference; lastKnownFileType = sourcecode.swift; path = FourthViewController.swift; sourceTree = "<group>"; };
/* End PBXFileReference section */

/* Begin PBXFrameworksBuildPhase section */
		3512FAE32898EBC200957B60 /* Frameworks */ = {
			isa = PBXFrameworksBuildPhase;
			buildActionMask = 2147483647;
			files = (
				35F7E39B289C2DC200516FD1 /* Alamofire in Frameworks */,
			);
			runOnlyForDeploymentPostprocessing = 0;
		};
		352E71E528A515CA0073F2C6 /* Frameworks */ = {
			isa = PBXFrameworksBuildPhase;
			buildActionMask = 2147483647;
			files = (
			);
			runOnlyForDeploymentPostprocessing = 0;
		};
/* End PBXFrameworksBuildPhase section */

/* Begin PBXGroup section */
		3512FADD2898EBC200957B60 = {
			isa = PBXGroup;
			children = (
				3512FAE82898EBC200957B60 /* f1races */,
				352E71E928A515CB0073F2C6 /* f1racesTests */,
				3512FAE72898EBC200957B60 /* Products */,
			);
			sourceTree = "<group>";
		};
		3512FAE72898EBC200957B60 /* Products */ = {
			isa = PBXGroup;
			children = (
				3512FAE62898EBC200957B60 /* f1races.app */,
				352E71E828A515CA0073F2C6 /* f1racesTests.xctest */,
			);
			name = Products;
			sourceTree = "<group>";
		};
		3512FAE82898EBC200957B60 /* f1races */ = {
			isa = PBXGroup;
			children = (
				352E71E128A4D8800073F2C6 /* Global Structures */,
				352E71E028A4D8070073F2C6 /* View Controllers */,
				35E14FD028A2A5CC003DF10C /* ViewModel */,
				35E14FCF28A2A561003DF10C /* View */,
				35CAC82028A0F04B0031DB28 /* Helper */,
				35F7E396289C2DA400516FD1 /* APIManager */,
				3512FAFF2899086900957B60 /* Model */,
				3512FAE92898EBC200957B60 /* AppDelegate.swift */,
				3512FAEB2898EBC200957B60 /* SceneDelegate.swift */,
				3512FAEF2898EBC200957B60 /* Main.storyboard */,
				3512FAF22898EBC400957B60 /* Assets.xcassets */,
				3512FAF42898EBC400957B60 /* LaunchScreen.storyboard */,
				3512FAF72898EBC400957B60 /* Info.plist */,
			);
			path = f1races;
			sourceTree = "<group>";
		};
		3512FAFF2899086900957B60 /* Model */ = {
			isa = PBXGroup;
			children = (
				35F7E39E289C332D00516FD1 /* F1RacesData.swift */,
				35E14FC728A28063003DF10C /* F1ConstructorsData.swift */,
			);
			path = Model;
			sourceTree = "<group>";
		};
		352E71E028A4D8070073F2C6 /* View Controllers */ = {
			isa = PBXGroup;
			children = (
				3512FAED2898EBC200957B60 /* ViewController.swift */,
				3512FAFD2898F21B00957B60 /* SecondViewController.swift */,
				35CA8A06289AFDFE00D30635 /* ThirdViewController.swift */,
				35FE1BF8289D07F9000452F1 /* FourthViewController.swift */,
				35E14FCD28A2A366003DF10C /* FifthViewController.swift */,
			);
			path = "View Controllers";
			sourceTree = "<group>";
		};
		352E71E128A4D8800073F2C6 /* Global Structures */ = {
			isa = PBXGroup;
			children = (
				352E71E228A4D8920073F2C6 /* SelectedYear.swift */,
			);
			path = "Global Structures";
			sourceTree = "<group>";
		};
		352E71E928A515CB0073F2C6 /* f1racesTests */ = {
			isa = PBXGroup;
			children = (
				352E71EA28A515CB0073F2C6 /* f1racesTests.swift */,
			);
			path = f1racesTests;
			sourceTree = "<group>";
		};
		35CAC82028A0F04B0031DB28 /* Helper */ = {
			isa = PBXGroup;
			children = (
				35CAC82128A0F0580031DB28 /* Constants.swift */,
				35E14FD328A2A66B003DF10C /* NetworkingManager.swift */,
			);
			path = Helper;
			sourceTree = "<group>";
		};
		35E14FCF28A2A561003DF10C /* View */ = {
			isa = PBXGroup;
			children = (
				35E14FCA28A29477003DF10C /* ConstructorsDataCell.xib */,
				35E14FC928A29477003DF10C /* ConstructorsDataCell.swift */,
				35CAC82A28A18C8E0031DB28 /* RacesDataCell.xib */,
				35CAC82928A18C8E0031DB28 /* RacesDataCell.swift */,
			);
			path = View;
			sourceTree = "<group>";
		};
		35E14FD028A2A5CC003DF10C /* ViewModel */ = {
			isa = PBXGroup;
			children = (
				35E14FD128A2A5E4003DF10C /* F1RacesViewModel.swift */,
			);
			path = ViewModel;
			sourceTree = "<group>";
		};
		35F7E396289C2DA400516FD1 /* APIManager */ = {
			isa = PBXGroup;
			children = (
				35F7E397289C2DB200516FD1 /* APIManager.swift */,
			);
			path = APIManager;
			sourceTree = "<group>";
		};
/* End PBXGroup section */

/* Begin PBXNativeTarget section */
		3512FAE52898EBC200957B60 /* f1races */ = {
			isa = PBXNativeTarget;
			buildConfigurationList = 3512FAFA2898EBC400957B60 /* Build configuration list for PBXNativeTarget "f1races" */;
			buildPhases = (
				3512FAE22898EBC200957B60 /* Sources */,
				3512FAE32898EBC200957B60 /* Frameworks */,
				3512FAE42898EBC200957B60 /* Resources */,
			);
			buildRules = (
			);
			dependencies = (
			);
			name = f1races;
			packageProductDependencies = (
				35F7E39A289C2DC200516FD1 /* Alamofire */,
			);
			productName = f1races;
			productReference = 3512FAE62898EBC200957B60 /* f1races.app */;
			productType = "com.apple.product-type.application";
		};
		352E71E728A515CA0073F2C6 /* f1racesTests */ = {
			isa = PBXNativeTarget;
			buildConfigurationList = 352E71EE28A515CB0073F2C6 /* Build configuration list for PBXNativeTarget "f1racesTests" */;
			buildPhases = (
				352E71E428A515CA0073F2C6 /* Sources */,
				352E71E528A515CA0073F2C6 /* Frameworks */,
				352E71E628A515CA0073F2C6 /* Resources */,
			);
			buildRules = (
			);
			dependencies = (
				352E71ED28A515CB0073F2C6 /* PBXTargetDependency */,
			);
			name = f1racesTests;
			productName = f1racesTests;
			productReference = 352E71E828A515CA0073F2C6 /* f1racesTests.xctest */;
			productType = "com.apple.product-type.bundle.unit-test";
		};
/* End PBXNativeTarget section */

/* Begin PBXProject section */
		3512FADE2898EBC200957B60 /* Project object */ = {
			isa = PBXProject;
			attributes = {
				BuildIndependentTargetsInParallel = 1;
				LastSwiftUpdateCheck = 1310;
				LastUpgradeCheck = 1310;
				TargetAttributes = {
					3512FAE52898EBC200957B60 = {
						CreatedOnToolsVersion = 13.1;
					};
					352E71E728A515CA0073F2C6 = {
						CreatedOnToolsVersion = 13.1;
						TestTargetID = 3512FAE52898EBC200957B60;
					};
				};
			};
			buildConfigurationList = 3512FAE12898EBC200957B60 /* Build configuration list for PBXProject "f1races" */;
			compatibilityVersion = "Xcode 13.0";
			developmentRegion = en;
			hasScannedForEncodings = 0;
			knownRegions = (
				en,
				Base,
			);
			mainGroup = 3512FADD2898EBC200957B60;
			packageReferences = (
				35F7E399289C2DC200516FD1 /* XCRemoteSwiftPackageReference "Alamofire" */,
			);
			productRefGroup = 3512FAE72898EBC200957B60 /* Products */;
			projectDirPath = "";
			projectRoot = "";
			targets = (
				3512FAE52898EBC200957B60 /* f1races */,
				352E71E728A515CA0073F2C6 /* f1racesTests */,
			);
		};
/* End PBXProject section */

/* Begin PBXResourcesBuildPhase section */
		3512FAE42898EBC200957B60 /* Resources */ = {
			isa = PBXResourcesBuildPhase;
			buildActionMask = 2147483647;
			files = (
				3512FAF62898EBC400957B60 /* LaunchScreen.storyboard in Resources */,
				35E14FCC28A29478003DF10C /* ConstructorsDataCell.xib in Resources */,
				3512FAF32898EBC400957B60 /* Assets.xcassets in Resources */,
				35CAC82C28A18C8E0031DB28 /* RacesDataCell.xib in Resources */,
				3512FAF12898EBC200957B60 /* Main.storyboard in Resources */,
			);
			runOnlyForDeploymentPostprocessing = 0;
		};
		352E71E628A515CA0073F2C6 /* Resources */ = {
			isa = PBXResourcesBuildPhase;
			buildActionMask = 2147483647;
			files = (
			);
			runOnlyForDeploymentPostprocessing = 0;
		};
/* End PBXResourcesBuildPhase section */

/* Begin PBXSourcesBuildPhase section */
		3512FAE22898EBC200957B60 /* Sources */ = {
			isa = PBXSourcesBuildPhase;
			buildActionMask = 2147483647;
			files = (
				35F7E398289C2DB200516FD1 /* APIManager.swift in Sources */,
				35CAC82228A0F0580031DB28 /* Constants.swift in Sources */,
				3512FAFE2898F21C00957B60 /* SecondViewController.swift in Sources */,
				3512FAEE2898EBC200957B60 /* ViewController.swift in Sources */,
				35F7E39F289C332D00516FD1 /* F1RacesData.swift in Sources */,
				35E14FD428A2A66B003DF10C /* NetworkingManager.swift in Sources */,
				35E14FCB28A29478003DF10C /* ConstructorsDataCell.swift in Sources */,
				352E71E328A4D8920073F2C6 /* SelectedYear.swift in Sources */,
				35E14FCE28A2A366003DF10C /* FifthViewController.swift in Sources */,
				35E14FC828A28063003DF10C /* F1ConstructorsData.swift in Sources */,
				35FE1BF9289D07F9000452F1 /* FourthViewController.swift in Sources */,
				35CA8A07289AFDFF00D30635 /* ThirdViewController.swift in Sources */,
				3512FAEA2898EBC200957B60 /* AppDelegate.swift in Sources */,
				35E14FD228A2A5E4003DF10C /* F1RacesViewModel.swift in Sources */,
				35CAC82B28A18C8E0031DB28 /* RacesDataCell.swift in Sources */,
				3512FAEC2898EBC200957B60 /* SceneDelegate.swift in Sources */,
			);
			runOnlyForDeploymentPostprocessing = 0;
		};
		352E71E428A515CA0073F2C6 /* Sources */ = {
			isa = PBXSourcesBuildPhase;
			buildActionMask = 2147483647;
			files = (
				352E71EB28A515CB0073F2C6 /* f1racesTests.swift in Sources */,
			);
			runOnlyForDeploymentPostprocessing = 0;
		};
/* End PBXSourcesBuildPhase section */

/* Begin PBXTargetDependency section */
		352E71ED28A515CB0073F2C6 /* PBXTargetDependency */ = {
			isa = PBXTargetDependency;
			target = 3512FAE52898EBC200957B60 /* f1races */;
			targetProxy = 352E71EC28A515CB0073F2C6 /* PBXContainerItemProxy */;
		};
/* End PBXTargetDependency section */

/* Begin PBXVariantGroup section */
		3512FAEF2898EBC200957B60 /* Main.storyboard */ = {
			isa = PBXVariantGroup;
			children = (
				3512FAF02898EBC200957B60 /* Base */,
			);
			name = Main.storyboard;
			sourceTree = "<group>";
		};
		3512FAF42898EBC400957B60 /* LaunchScreen.storyboard */ = {
			isa = PBXVariantGroup;
			children = (
				3512FAF52898EBC400957B60 /* Base */,
			);
			name = LaunchScreen.storyboard;
			sourceTree = "<group>";
		};
/* End PBXVariantGroup section */

/* Begin XCBuildConfiguration section */
		3512FAF82898EBC400957B60 /* Debug */ = {
			isa = XCBuildConfiguration;
			buildSettings = {
				ALWAYS_SEARCH_USER_PATHS = NO;
				CLANG_ANALYZER_NONNULL = YES;
				CLANG_ANALYZER_NUMBER_OBJECT_CONVERSION = YES_AGGRESSIVE;
				CLANG_CXX_LANGUAGE_STANDARD = "gnu++17";
				CLANG_CXX_LIBRARY = "libc++";
				CLANG_ENABLE_MODULES = YES;
				CLANG_ENABLE_OBJC_ARC = YES;
				CLANG_ENABLE_OBJC_WEAK = YES;
				CLANG_WARN_BLOCK_CAPTURE_AUTORELEASING = YES;
				CLANG_WARN_BOOL_CONVERSION = YES;
				CLANG_WARN_COMMA = YES;
				CLANG_WARN_CONSTANT_CONVERSION = YES;
				CLANG_WARN_DEPRECATED_OBJC_IMPLEMENTATIONS = YES;
				CLANG_WARN_DIRECT_OBJC_ISA_USAGE = YES_ERROR;
				CLANG_WARN_DOCUMENTATION_COMMENTS = YES;
				CLANG_WARN_EMPTY_BODY = YES;
				CLANG_WARN_ENUM_CONVERSION = YES;
				CLANG_WARN_INFINITE_RECURSION = YES;
				CLANG_WARN_INT_CONVERSION = YES;
				CLANG_WARN_NON_LITERAL_NULL_CONVERSION = YES;
				CLANG_WARN_OBJC_IMPLICIT_RETAIN_SELF = YES;
				CLANG_WARN_OBJC_LITERAL_CONVERSION = YES;
				CLANG_WARN_OBJC_ROOT_CLASS = YES_ERROR;
				CLANG_WARN_QUOTED_INCLUDE_IN_FRAMEWORK_HEADER = YES;
				CLANG_WARN_RANGE_LOOP_ANALYSIS = YES;
				CLANG_WARN_STRICT_PROTOTYPES = YES;
				CLANG_WARN_SUSPICIOUS_MOVE = YES;
				CLANG_WARN_UNGUARDED_AVAILABILITY = YES_AGGRESSIVE;
				CLANG_WARN_UNREACHABLE_CODE = YES;
				CLANG_WARN__DUPLICATE_METHOD_MATCH = YES;
				COPY_PHASE_STRIP = NO;
				DEBUG_INFORMATION_FORMAT = dwarf;
				ENABLE_STRICT_OBJC_MSGSEND = YES;
				ENABLE_TESTABILITY = YES;
				GCC_C_LANGUAGE_STANDARD = gnu11;
				GCC_DYNAMIC_NO_PIC = NO;
				GCC_NO_COMMON_BLOCKS = YES;
				GCC_OPTIMIZATION_LEVEL = 0;
				GCC_PREPROCESSOR_DEFINITIONS = (
					"DEBUG=1",
					"$(inherited)",
				);
				GCC_WARN_64_TO_32_BIT_CONVERSION = YES;
				GCC_WARN_ABOUT_RETURN_TYPE = YES_ERROR;
				GCC_WARN_UNDECLARED_SELECTOR = YES;
				GCC_WARN_UNINITIALIZED_AUTOS = YES_AGGRESSIVE;
				GCC_WARN_UNUSED_FUNCTION = YES;
				GCC_WARN_UNUSED_VARIABLE = YES;
				IPHONEOS_DEPLOYMENT_TARGET = 15.0;
				MTL_ENABLE_DEBUG_INFO = INCLUDE_SOURCE;
				MTL_FAST_MATH = YES;
				ONLY_ACTIVE_ARCH = YES;
				SDKROOT = iphoneos;
				SWIFT_ACTIVE_COMPILATION_CONDITIONS = DEBUG;
				SWIFT_OPTIMIZATION_LEVEL = "-Onone";
			};
			name = Debug;
		};
		3512FAF92898EBC400957B60 /* Release */ = {
			isa = XCBuildConfiguration;
			buildSettings = {
				ALWAYS_SEARCH_USER_PATHS = NO;
				CLANG_ANALYZER_NONNULL = YES;
				CLANG_ANALYZER_NUMBER_OBJECT_CONVERSION = YES_AGGRESSIVE;
				CLANG_CXX_LANGUAGE_STANDARD = "gnu++17";
				CLANG_CXX_LIBRARY = "libc++";
				CLANG_ENABLE_MODULES = YES;
				CLANG_ENABLE_OBJC_ARC = YES;
				CLANG_ENABLE_OBJC_WEAK = YES;
				CLANG_WARN_BLOCK_CAPTURE_AUTORELEASING = YES;
				CLANG_WARN_BOOL_CONVERSION = YES;
				CLANG_WARN_COMMA = YES;
				CLANG_WARN_CONSTANT_CONVERSION = YES;
				CLANG_WARN_DEPRECATED_OBJC_IMPLEMENTATIONS = YES;
				CLANG_WARN_DIRECT_OBJC_ISA_USAGE = YES_ERROR;
				CLANG_WARN_DOCUMENTATION_COMMENTS = YES;
				CLANG_WARN_EMPTY_BODY = YES;
				CLANG_WARN_ENUM_CONVERSION = YES;
				CLANG_WARN_INFINITE_RECURSION = YES;
				CLANG_WARN_INT_CONVERSION = YES;
				CLANG_WARN_NON_LITERAL_NULL_CONVERSION = YES;
				CLANG_WARN_OBJC_IMPLICIT_RETAIN_SELF = YES;
				CLANG_WARN_OBJC_LITERAL_CONVERSION = YES;
				CLANG_WARN_OBJC_ROOT_CLASS = YES_ERROR;
				CLANG_WARN_QUOTED_INCLUDE_IN_FRAMEWORK_HEADER = YES;
				CLANG_WARN_RANGE_LOOP_ANALYSIS = YES;
				CLANG_WARN_STRICT_PROTOTYPES = YES;
				CLANG_WARN_SUSPICIOUS_MOVE = YES;
				CLANG_WARN_UNGUARDED_AVAILABILITY = YES_AGGRESSIVE;
				CLANG_WARN_UNREACHABLE_CODE = YES;
				CLANG_WARN__DUPLICATE_METHOD_MATCH = YES;
				COPY_PHASE_STRIP = NO;
				DEBUG_INFORMATION_FORMAT = "dwarf-with-dsym";
				ENABLE_NS_ASSERTIONS = NO;
				ENABLE_STRICT_OBJC_MSGSEND = YES;
				GCC_C_LANGUAGE_STANDARD = gnu11;
				GCC_NO_COMMON_BLOCKS = YES;
				GCC_WARN_64_TO_32_BIT_CONVERSION = YES;
				GCC_WARN_ABOUT_RETURN_TYPE = YES_ERROR;
				GCC_WARN_UNDECLARED_SELECTOR = YES;
				GCC_WARN_UNINITIALIZED_AUTOS = YES_AGGRESSIVE;
				GCC_WARN_UNUSED_FUNCTION = YES;
				GCC_WARN_UNUSED_VARIABLE = YES;
				IPHONEOS_DEPLOYMENT_TARGET = 15.0;
				MTL_ENABLE_DEBUG_INFO = NO;
				MTL_FAST_MATH = YES;
				SDKROOT = iphoneos;
				SWIFT_COMPILATION_MODE = wholemodule;
				SWIFT_OPTIMIZATION_LEVEL = "-O";
				VALIDATE_PRODUCT = YES;
			};
			name = Release;
		};
		3512FAFB2898EBC400957B60 /* Debug */ = {
			isa = XCBuildConfiguration;
			buildSettings = {
				ASSETCATALOG_COMPILER_APPICON_NAME = AppIcon;
				ASSETCATALOG_COMPILER_GLOBAL_ACCENT_COLOR_NAME = AccentColor;
				CODE_SIGN_STYLE = Automatic;
				CURRENT_PROJECT_VERSION = 1;
				DEVELOPMENT_TEAM = RXB4AVL9V3;
				GENERATE_INFOPLIST_FILE = YES;
				INFOPLIST_FILE = f1races/Info.plist;
				INFOPLIST_KEY_CFBundleDisplayName = f1races;
				INFOPLIST_KEY_UIApplicationSupportsIndirectInputEvents = YES;
				INFOPLIST_KEY_UILaunchStoryboardName = LaunchScreen;
				INFOPLIST_KEY_UIMainStoryboardFile = Main;
				INFOPLIST_KEY_UISupportedInterfaceOrientations_iPad = "UIInterfaceOrientationPortrait UIInterfaceOrientationPortraitUpsideDown UIInterfaceOrientationLandscapeLeft UIInterfaceOrientationLandscapeRight";
				INFOPLIST_KEY_UISupportedInterfaceOrientations_iPhone = "UIInterfaceOrientationPortrait UIInterfaceOrientationLandscapeLeft UIInterfaceOrientationLandscapeRight";
				LD_RUNPATH_SEARCH_PATHS = (
					"$(inherited)",
					"@executable_path/Frameworks",
				);
				MARKETING_VERSION = 1.0;
				PRODUCT_BUNDLE_IDENTIFIER = com.theshreyaraj;
				PRODUCT_NAME = "$(TARGET_NAME)";
				SWIFT_EMIT_LOC_STRINGS = YES;
				SWIFT_VERSION = 5.0;
				TARGETED_DEVICE_FAMILY = "1,2";
			};
			name = Debug;
		};
		3512FAFC2898EBC400957B60 /* Release */ = {
			isa = XCBuildConfiguration;
			buildSettings = {
				ASSETCATALOG_COMPILER_APPICON_NAME = AppIcon;
				ASSETCATALOG_COMPILER_GLOBAL_ACCENT_COLOR_NAME = AccentColor;
				CODE_SIGN_STYLE = Automatic;
				CURRENT_PROJECT_VERSION = 1;
				DEVELOPMENT_TEAM = RXB4AVL9V3;
				GENERATE_INFOPLIST_FILE = YES;
				INFOPLIST_FILE = f1races/Info.plist;
				INFOPLIST_KEY_CFBundleDisplayName = f1races;
				INFOPLIST_KEY_UIApplicationSupportsIndirectInputEvents = YES;
				INFOPLIST_KEY_UILaunchStoryboardName = LaunchScreen;
				INFOPLIST_KEY_UIMainStoryboardFile = Main;
				INFOPLIST_KEY_UISupportedInterfaceOrientations_iPad = "UIInterfaceOrientationPortrait UIInterfaceOrientationPortraitUpsideDown UIInterfaceOrientationLandscapeLeft UIInterfaceOrientationLandscapeRight";
				INFOPLIST_KEY_UISupportedInterfaceOrientations_iPhone = "UIInterfaceOrientationPortrait UIInterfaceOrientationLandscapeLeft UIInterfaceOrientationLandscapeRight";
				LD_RUNPATH_SEARCH_PATHS = (
					"$(inherited)",
					"@executable_path/Frameworks",
				);
				MARKETING_VERSION = 1.0;
				PRODUCT_BUNDLE_IDENTIFIER = com.theshreyaraj;
				PRODUCT_NAME = "$(TARGET_NAME)";
				SWIFT_EMIT_LOC_STRINGS = YES;
				SWIFT_VERSION = 5.0;
				TARGETED_DEVICE_FAMILY = "1,2";
			};
			name = Release;
		};
		352E71EF28A515CB0073F2C6 /* Debug */ = {
			isa = XCBuildConfiguration;
			buildSettings = {
				BUNDLE_LOADER = "$(TEST_HOST)";
				CODE_SIGN_STYLE = Automatic;
				CURRENT_PROJECT_VERSION = 1;
				DEVELOPMENT_TEAM = RXB4AVL9V3;
				GENERATE_INFOPLIST_FILE = YES;
				LD_RUNPATH_SEARCH_PATHS = (
					"$(inherited)",
					"@executable_path/Frameworks",
					"@loader_path/Frameworks",
				);
				MARKETING_VERSION = 1.0;
				PRODUCT_BUNDLE_IDENTIFIER = com.theshreyaraj.f1racesTests;
				PRODUCT_NAME = "$(TARGET_NAME)";
				SWIFT_EMIT_LOC_STRINGS = NO;
				SWIFT_VERSION = 5.0;
				TARGETED_DEVICE_FAMILY = "1,2";
				TEST_HOST = "$(BUILT_PRODUCTS_DIR)/f1races.app/f1races";
			};
			name = Debug;
		};
		352E71F028A515CB0073F2C6 /* Release */ = {
			isa = XCBuildConfiguration;
			buildSettings = {
				BUNDLE_LOADER = "$(TEST_HOST)";
				CODE_SIGN_STYLE = Automatic;
				CURRENT_PROJECT_VERSION = 1;
				DEVELOPMENT_TEAM = RXB4AVL9V3;
				GENERATE_INFOPLIST_FILE = YES;
				LD_RUNPATH_SEARCH_PATHS = (
					"$(inherited)",
					"@executable_path/Frameworks",
					"@loader_path/Frameworks",
				);
				MARKETING_VERSION = 1.0;
				PRODUCT_BUNDLE_IDENTIFIER = com.theshreyaraj.f1racesTests;
				PRODUCT_NAME = "$(TARGET_NAME)";
				SWIFT_EMIT_LOC_STRINGS = NO;
				SWIFT_VERSION = 5.0;
				TARGETED_DEVICE_FAMILY = "1,2";
				TEST_HOST = "$(BUILT_PRODUCTS_DIR)/f1races.app/f1races";
			};
			name = Release;
		};
/* End XCBuildConfiguration section */

/* Begin XCConfigurationList section */
		3512FAE12898EBC200957B60 /* Build configuration list for PBXProject "f1races" */ = {
			isa = XCConfigurationList;
			buildConfigurations = (
				3512FAF82898EBC400957B60 /* Debug */,
				3512FAF92898EBC400957B60 /* Release */,
			);
			defaultConfigurationIsVisible = 0;
			defaultConfigurationName = Release;
		};
		3512FAFA2898EBC400957B60 /* Build configuration list for PBXNativeTarget "f1races" */ = {
			isa = XCConfigurationList;
			buildConfigurations = (
				3512FAFB2898EBC400957B60 /* Debug */,
				3512FAFC2898EBC400957B60 /* Release */,
			);
			defaultConfigurationIsVisible = 0;
			defaultConfigurationName = Release;
		};
		352E71EE28A515CB0073F2C6 /* Build configuration list for PBXNativeTarget "f1racesTests" */ = {
			isa = XCConfigurationList;
			buildConfigurations = (
				352E71EF28A515CB0073F2C6 /* Debug */,
				352E71F028A515CB0073F2C6 /* Release */,
			);
			defaultConfigurationIsVisible = 0;
			defaultConfigurationName = Release;
		};
/* End XCConfigurationList section */

/* Begin XCRemoteSwiftPackageReference section */
		35F7E399289C2DC200516FD1 /* XCRemoteSwiftPackageReference "Alamofire" */ = {
			isa = XCRemoteSwiftPackageReference;
			repositoryURL = "https://github.com/Alamofire/Alamofire.git";
			requirement = {
				branch = master;
				kind = branch;
			};
		};
/* End XCRemoteSwiftPackageReference section */

/* Begin XCSwiftPackageProductDependency section */
		35F7E39A289C2DC200516FD1 /* Alamofire */ = {
			isa = XCSwiftPackageProductDependency;
			package = 35F7E399289C2DC200516FD1 /* XCRemoteSwiftPackageReference "Alamofire" */;
			productName = Alamofire;
		};
/* End XCSwiftPackageProductDependency section */
	};
	rootObject = 3512FADE2898EBC200957B60 /* Project object */;
}
